// !$*UTF8*$!
{
	archiveVersion = 1;
	classes = {
	};
	objectVersion = 77;
	objects = {

/* Begin PBXBuildFile section */
		7E9C92352F14340F004AAD91 /* LLM in Frameworks */ = {isa = PBXBuildFile; productRef = 7E9C92342F14340F004AAD91 /* LLM */; };
		7EE0DA002F15F25600B68F01 /* PocketLlamaTests.swift in Sources */ = {isa = PBXBuildFile; fileRef = 7EE0D9F82F15F14D00B68F01 /* PocketLlamaTests.swift */; };
		7EE0DA012F15F26900B68F01 /* PocketLlamaUITests.swift in Sources */ = {isa = PBXBuildFile; fileRef = 7EE0D9FA2F15F14D00B68F01 /* PocketLlamaUITests.swift */; };
		7EE0DA022F15F27000B68F01 /* PocketLlamaUITestsLaunchTests.swift in Sources */ = {isa = PBXBuildFile; fileRef = 7EE0D9FB2F15F14D00B68F01 /* PocketLlamaUITestsLaunchTests.swift */; };
/* End PBXBuildFile section */

/* Begin PBXContainerItemProxy section */
		7E9C92172F1432D5004AAD91 /* PBXContainerItemProxy */ = {
			isa = PBXContainerItemProxy;
			containerPortal = 7E9C92012F1432D4004AAD91 /* Project object */;
			proxyType = 1;
			remoteGlobalIDString = 7E9C92082F1432D4004AAD91;
			remoteInfo = PocketOllama;
		};
		7E9C92212F1432D5004AAD91 /* PBXContainerItemProxy */ = {
			isa = PBXContainerItemProxy;
			containerPortal = 7E9C92012F1432D4004AAD91 /* Project object */;
			proxyType = 1;
			remoteGlobalIDString = 7E9C92082F1432D4004AAD91;
			remoteInfo = PocketOllama;
		};
/* End PBXContainerItemProxy section */

/* Begin PBXFileReference section */
		7E5C83532F18158900AB7621 /* PocketLlamaTests.xctest */ = {isa = PBXFileReference; explicitFileType = wrapper.cfbundle; includeInIndex = 0; path = PocketLlamaTests.xctest; sourceTree = BUILT_PRODUCTS_DIR; };
		7E5C83542F18158900AB7621 /* PocketLlamaUITests.xctest */ = {isa = PBXFileReference; explicitFileType = wrapper.cfbundle; includeInIndex = 0; path = PocketLlamaUITests.xctest; sourceTree = BUILT_PRODUCTS_DIR; };
		7E5C83742F18926100AB7621 /* README.md */ = {isa = PBXFileReference; explicitFileType = net.daringfireball.markdown; path = README.md; sourceTree = "<group>"; };
		7EE0D9F82F15F14D00B68F01 /* PocketLlamaTests.swift */ = {isa = PBXFileReference; lastKnownFileType = sourcecode.swift; path = PocketLlamaTests.swift; sourceTree = "<group>"; };
		7EE0D9FA2F15F14D00B68F01 /* PocketLlamaUITests.swift */ = {isa = PBXFileReference; lastKnownFileType = sourcecode.swift; path = PocketLlamaUITests.swift; sourceTree = "<group>"; };
		7EE0D9FB2F15F14D00B68F01 /* PocketLlamaUITestsLaunchTests.swift */ = {isa = PBXFileReference; lastKnownFileType = sourcecode.swift; path = PocketLlamaUITestsLaunchTests.swift; sourceTree = "<group>"; };
		7EE0DA032F16F5B600B68F01 /* PocketLlama.app */ = {isa = PBXFileReference; explicitFileType = wrapper.application; includeInIndex = 0; path = PocketLlama.app; sourceTree = BUILT_PRODUCTS_DIR; };
/* End PBXFileReference section */

/* Begin PBXFileSystemSynchronizedBuildFileExceptionSet section */
		7E9C92922F15EC6F004AAD91 /* Exceptions for "PocketLlama" folder in "PocketLlama" target */ = {
			isa = PBXFileSystemSynchronizedBuildFileExceptionSet;
			membershipExceptions = (
				Assets.xcassets,
				ChatView.swift,
				ChatViewModel.swift,
				ContentView.swift,
				DownloadManager.swift,
				ModelListView.swift,
				ModelOption.swift,
				PocketLlamaApp.swift,
				SettingsView.swift,
			);
			target = 7E9C92082F1432D4004AAD91 /* PocketLlama */;
		};
		7E9C92932F15EC6F004AAD91 /* Exceptions for "PocketLlama" folder in "PocketLlamaTests" target */ = {
			isa = PBXFileSystemSynchronizedBuildFileExceptionSet;
			membershipExceptions = (
				Assets.xcassets,
				ChatView.swift,
				ChatViewModel.swift,
				ContentView.swift,
				DownloadManager.swift,
				Info.plist,
				ModelListView.swift,
				ModelOption.swift,
				PocketLlamaApp.swift,
				SettingsView.swift,
			);
			target = 7E9C92152F1432D5004AAD91 /* PocketLlamaTests */;
		};
/* End PBXFileSystemSynchronizedBuildFileExceptionSet section */

/* Begin PBXFileSystemSynchronizedRootGroup section */
		7E9C92882F15EC6F004AAD91 /* PocketLlama */ = {
			isa = PBXFileSystemSynchronizedRootGroup;
			exceptions = (
				7E9C92922F15EC6F004AAD91 /* Exceptions for "PocketLlama" folder in "PocketLlama" target */,
				7E9C92932F15EC6F004AAD91 /* Exceptions for "PocketLlama" folder in "PocketLlamaTests" target */,
			);
			path = PocketLlama;
			sourceTree = "<group>";
		};
/* End PBXFileSystemSynchronizedRootGroup section */

/* Begin PBXFrameworksBuildPhase section */
		7E9C92062F1432D4004AAD91 /* Frameworks */ = {
			isa = PBXFrameworksBuildPhase;
			buildActionMask = 2147483647;
			files = (
				7E9C92352F14340F004AAD91 /* LLM in Frameworks */,
			);
			runOnlyForDeploymentPostprocessing = 0;
		};
		7E9C92132F1432D5004AAD91 /* Frameworks */ = {
			isa = PBXFrameworksBuildPhase;
			buildActionMask = 2147483647;
			files = (
			);
			runOnlyForDeploymentPostprocessing = 0;
		};
		7E9C921D2F1432D5004AAD91 /* Frameworks */ = {
			isa = PBXFrameworksBuildPhase;
			buildActionMask = 2147483647;
			files = (
			);
			runOnlyForDeploymentPostprocessing = 0;
		};
/* End PBXFrameworksBuildPhase section */

/* Begin PBXGroup section */
		7E9C92002F1432D4004AAD91 = {
			isa = PBXGroup;
			children = (
				7E5C83742F18926100AB7621 /* README.md */,
				7E9C92882F15EC6F004AAD91 /* PocketLlama */,
				7EE0D9F92F15F14D00B68F01 /* PocketLlamaTests */,
				7EE0D9FC2F15F14D00B68F01 /* PocketLlamaUITests */,
				7EE0DA032F16F5B600B68F01 /* PocketLlama.app */,
				7E5C83532F18158900AB7621 /* PocketLlamaTests.xctest */,
				7E5C83542F18158900AB7621 /* PocketLlamaUITests.xctest */,
			);
			sourceTree = "<group>";
		};
		7EE0D9F92F15F14D00B68F01 /* PocketLlamaTests */ = {
			isa = PBXGroup;
			children = (
				7EE0D9F82F15F14D00B68F01 /* PocketLlamaTests.swift */,
			);
			path = PocketLlamaTests;
			sourceTree = "<group>";
		};
		7EE0D9FC2F15F14D00B68F01 /* PocketLlamaUITests */ = {
			isa = PBXGroup;
			children = (
				7EE0D9FA2F15F14D00B68F01 /* PocketLlamaUITests.swift */,
				7EE0D9FB2F15F14D00B68F01 /* PocketLlamaUITestsLaunchTests.swift */,
			);
			path = PocketLlamaUITests;
			sourceTree = "<group>";
		};
/* End PBXGroup section */

/* Begin PBXNativeTarget section */
		7E9C92082F1432D4004AAD91 /* PocketLlama */ = {
			isa = PBXNativeTarget;
			buildConfigurationList = 7E9C922A2F1432D5004AAD91 /* Build configuration list for PBXNativeTarget "PocketLlama" */;
			buildPhases = (
				7E9C92052F1432D4004AAD91 /* Sources */,
				7E9C92062F1432D4004AAD91 /* Frameworks */,
				7E9C92072F1432D4004AAD91 /* Resources */,
			);
			buildRules = (
			);
			dependencies = (
			);
			name = PocketLlama;
			packageProductDependencies = (
				7E9C92342F14340F004AAD91 /* LLM */,
			);
			productName = PocketOllama;
			productReference = 7EE0DA032F16F5B600B68F01 /* PocketLlama.app */;
			productType = "com.apple.product-type.application";
		};
		7E9C92152F1432D5004AAD91 /* PocketLlamaTests */ = {
			isa = PBXNativeTarget;
			buildConfigurationList = 7E9C922D2F1432D5004AAD91 /* Build configuration list for PBXNativeTarget "PocketLlamaTests" */;
			buildPhases = (
				7E9C92122F1432D5004AAD91 /* Sources */,
				7E9C92132F1432D5004AAD91 /* Frameworks */,
				7E9C92142F1432D5004AAD91 /* Resources */,
			);
			buildRules = (
			);
			dependencies = (
				7E9C92182F1432D5004AAD91 /* PBXTargetDependency */,
			);
			fileSystemSynchronizedGroups = (
				7E9C92882F15EC6F004AAD91 /* PocketLlama */,
			);
			name = PocketLlamaTests;
			packageProductDependencies = (
			);
			productName = PocketOllamaTests;
			productReference = 7E5C83532F18158900AB7621 /* PocketLlamaTests.xctest */;
			productType = "com.apple.product-type.bundle.unit-test";
		};
		7E9C921F2F1432D5004AAD91 /* PocketLlamaUITests */ = {
			isa = PBXNativeTarget;
			buildConfigurationList = 7E9C92302F1432D5004AAD91 /* Build configuration list for PBXNativeTarget "PocketLlamaUITests" */;
			buildPhases = (
				7E9C921C2F1432D5004AAD91 /* Sources */,
				7E9C921D2F1432D5004AAD91 /* Frameworks */,
				7E9C921E2F1432D5004AAD91 /* Resources */,
			);
			buildRules = (
			);
			dependencies = (
				7E9C92222F1432D5004AAD91 /* PBXTargetDependency */,
			);
			name = PocketLlamaUITests;
			packageProductDependencies = (
			);
			productName = PocketOllamaUITests;
			productReference = 7E5C83542F18158900AB7621 /* PocketLlamaUITests.xctest */;
			productType = "com.apple.product-type.bundle.ui-testing";
		};
/* End PBXNativeTarget section */

/* Begin PBXProject section */
		7E9C92012F1432D4004AAD91 /* Project object */ = {
			isa = PBXProject;
			attributes = {
				BuildIndependentTargetsInParallel = 1;
				LastSwiftUpdateCheck = 2610;
				LastUpgradeCheck = 2610;
				TargetAttributes = {
					7E9C92082F1432D4004AAD91 = {
						CreatedOnToolsVersion = 26.1.1;
					};
					7E9C92152F1432D5004AAD91 = {
						CreatedOnToolsVersion = 26.1.1;
						TestTargetID = 7E9C92082F1432D4004AAD91;
					};
					7E9C921F2F1432D5004AAD91 = {
						CreatedOnToolsVersion = 26.1.1;
						TestTargetID = 7E9C92082F1432D4004AAD91;
					};
				};
			};
			buildConfigurationList = 7E9C92042F1432D4004AAD91 /* Build configuration list for PBXProject "PocketLlama" */;
			developmentRegion = en;
			hasScannedForEncodings = 0;
			knownRegions = (
				en,
				Base,
			);
			mainGroup = 7E9C92002F1432D4004AAD91;
			minimizedProjectReferenceProxies = 1;
			packageReferences = (
				7E9C92332F14340F004AAD91 /* XCRemoteSwiftPackageReference "LLM" */,
			);
			preferredProjectObjectVersion = 77;
			productRefGroup = 7E9C92002F1432D4004AAD91;
			projectDirPath = "";
			projectRoot = "";
			targets = (
				7E9C92082F1432D4004AAD91 /* PocketLlama */,
				7E9C92152F1432D5004AAD91 /* PocketLlamaTests */,
				7E9C921F2F1432D5004AAD91 /* PocketLlamaUITests */,
			);
		};
/* End PBXProject section */

/* Begin PBXResourcesBuildPhase section */
		7E9C92072F1432D4004AAD91 /* Resources */ = {
			isa = PBXResourcesBuildPhase;
			buildActionMask = 2147483647;
			files = (
			);
			runOnlyForDeploymentPostprocessing = 0;
		};
		7E9C92142F1432D5004AAD91 /* Resources */ = {
			isa = PBXResourcesBuildPhase;
			buildActionMask = 2147483647;
			files = (
			);
			runOnlyForDeploymentPostprocessing = 0;
		};
		7E9C921E2F1432D5004AAD91 /* Resources */ = {
			isa = PBXResourcesBuildPhase;
			buildActionMask = 2147483647;
			files = (
			);
			runOnlyForDeploymentPostprocessing = 0;
		};
/* End PBXResourcesBuildPhase section */

/* Begin PBXSourcesBuildPhase section */
		7E9C92052F1432D4004AAD91 /* Sources */ = {
			isa = PBXSourcesBuildPhase;
			buildActionMask = 2147483647;
			files = (
			);
			runOnlyForDeploymentPostprocessing = 0;
		};
		7E9C92122F1432D5004AAD91 /* Sources */ = {
			isa = PBXSourcesBuildPhase;
			buildActionMask = 2147483647;
			files = (
				7EE0DA002F15F25600B68F01 /* PocketLlamaTests.swift in Sources */,
			);
			runOnlyForDeploymentPostprocessing = 0;
		};
		7E9C921C2F1432D5004AAD91 /* Sources */ = {
			isa = PBXSourcesBuildPhase;
			buildActionMask = 2147483647;
			files = (
				7EE0DA022F15F27000B68F01 /* PocketLlamaUITestsLaunchTests.swift in Sources */,
				7EE0DA012F15F26900B68F01 /* PocketLlamaUITests.swift in Sources */,
			);
			runOnlyForDeploymentPostprocessing = 0;
		};
/* End PBXSourcesBuildPhase section */

/* Begin PBXTargetDependency section */
		7E9C92182F1432D5004AAD91 /* PBXTargetDependency */ = {
			isa = PBXTargetDependency;
			target = 7E9C92082F1432D4004AAD91 /* PocketLlama */;
			targetProxy = 7E9C92172F1432D5004AAD91 /* PBXContainerItemProxy */;
		};
		7E9C92222F1432D5004AAD91 /* PBXTargetDependency */ = {
			isa = PBXTargetDependency;
			target = 7E9C92082F1432D4004AAD91 /* PocketLlama */;
			targetProxy = 7E9C92212F1432D5004AAD91 /* PBXContainerItemProxy */;
		};
/* End PBXTargetDependency section */

/* Begin XCBuildConfiguration section */
		7E9C92282F1432D5004AAD91 /* Debug */ = {
			isa = XCBuildConfiguration;
			buildSettings = {
				ALWAYS_SEARCH_USER_PATHS = NO;
				ASSETCATALOG_COMPILER_GENERATE_SWIFT_ASSET_SYMBOL_EXTENSIONS = YES;
				CLANG_ANALYZER_NONNULL = YES;
				CLANG_ANALYZER_NUMBER_OBJECT_CONVERSION = YES_AGGRESSIVE;
				CLANG_CXX_LANGUAGE_STANDARD = "gnu++20";
				CLANG_ENABLE_MODULES = YES;
				CLANG_ENABLE_OBJC_ARC = YES;
				CLANG_ENABLE_OBJC_WEAK = YES;
				CLANG_WARN_BLOCK_CAPTURE_AUTORELEASING = YES;
				CLANG_WARN_BOOL_CONVERSION = YES;
				CLANG_WARN_COMMA = YES;
				CLANG_WARN_CONSTANT_CONVERSION = YES;
				CLANG_WARN_DEPRECATED_OBJC_IMPLEMENTATIONS = YES;
				CLANG_WARN_DIRECT_OBJC_ISA_USAGE = YES_ERROR;
				CLANG_WARN_DOCUMENTATION_COMMENTS = YES;
				CLANG_WARN_EMPTY_BODY = YES;
				CLANG_WARN_ENUM_CONVERSION = YES;
				CLANG_WARN_INFINITE_RECURSION = YES;
				CLANG_WARN_INT_CONVERSION = YES;
				CLANG_WARN_NON_LITERAL_NULL_CONVERSION = YES;
				CLANG_WARN_OBJC_IMPLICIT_RETAIN_SELF = YES;
				CLANG_WARN_OBJC_LITERAL_CONVERSION = YES;
				CLANG_WARN_OBJC_ROOT_CLASS = YES_ERROR;
				CLANG_WARN_QUOTED_INCLUDE_IN_FRAMEWORK_HEADER = YES;
				CLANG_WARN_RANGE_LOOP_ANALYSIS = YES;
				CLANG_WARN_STRICT_PROTOTYPES = YES;
				CLANG_WARN_SUSPICIOUS_MOVE = YES;
				CLANG_WARN_UNGUARDED_AVAILABILITY = YES_AGGRESSIVE;
				CLANG_WARN_UNREACHABLE_CODE = YES;
				CLANG_WARN__DUPLICATE_METHOD_MATCH = YES;
				COPY_PHASE_STRIP = NO;
				DEBUG_INFORMATION_FORMAT = dwarf;
				DEVELOPMENT_TEAM = 5DCYATWYDV;
				ENABLE_STRICT_OBJC_MSGSEND = YES;
				ENABLE_TESTABILITY = YES;
				ENABLE_USER_SCRIPT_SANDBOXING = YES;
				GCC_C_LANGUAGE_STANDARD = gnu17;
				GCC_DYNAMIC_NO_PIC = NO;
				GCC_NO_COMMON_BLOCKS = YES;
				GCC_OPTIMIZATION_LEVEL = 0;
				GCC_PREPROCESSOR_DEFINITIONS = (
					"DEBUG=1",
					"$(inherited)",
				);
				GCC_WARN_64_TO_32_BIT_CONVERSION = YES;
				GCC_WARN_ABOUT_RETURN_TYPE = YES_ERROR;
				GCC_WARN_UNDECLARED_SELECTOR = YES;
				GCC_WARN_UNINITIALIZED_AUTOS = YES_AGGRESSIVE;
				GCC_WARN_UNUSED_FUNCTION = YES;
				GCC_WARN_UNUSED_VARIABLE = YES;
				IPHONEOS_DEPLOYMENT_TARGET = 26.1;
				LOCALIZATION_PREFERS_STRING_CATALOGS = YES;
				MTL_ENABLE_DEBUG_INFO = INCLUDE_SOURCE;
				MTL_FAST_MATH = YES;
				ONLY_ACTIVE_ARCH = YES;
				SDKROOT = iphoneos;
				SWIFT_ACTIVE_COMPILATION_CONDITIONS = "DEBUG $(inherited)";
				SWIFT_OPTIMIZATION_LEVEL = "-Onone";
			};
			name = Debug;
		};
		7E9C92292F1432D5004AAD91 /* Release */ = {
			isa = XCBuildConfiguration;
			buildSettings = {
				ALWAYS_SEARCH_USER_PATHS = NO;
				ASSETCATALOG_COMPILER_GENERATE_SWIFT_ASSET_SYMBOL_EXTENSIONS = YES;
				CLANG_ANALYZER_NONNULL = YES;
				CLANG_ANALYZER_NUMBER_OBJECT_CONVERSION = YES_AGGRESSIVE;
				CLANG_CXX_LANGUAGE_STANDARD = "gnu++20";
				CLANG_ENABLE_MODULES = YES;
				CLANG_ENABLE_OBJC_ARC = YES;
				CLANG_ENABLE_OBJC_WEAK = YES;
				CLANG_WARN_BLOCK_CAPTURE_AUTORELEASING = YES;
				CLANG_WARN_BOOL_CONVERSION = YES;
				CLANG_WARN_COMMA = YES;
				CLANG_WARN_CONSTANT_CONVERSION = YES;
				CLANG_WARN_DEPRECATED_OBJC_IMPLEMENTATIONS = YES;
				CLANG_WARN_DIRECT_OBJC_ISA_USAGE = YES_ERROR;
				CLANG_WARN_DOCUMENTATION_COMMENTS = YES;
				CLANG_WARN_EMPTY_BODY = YES;
				CLANG_WARN_ENUM_CONVERSION = YES;
				CLANG_WARN_INFINITE_RECURSION = YES;
				CLANG_WARN_INT_CONVERSION = YES;
				CLANG_WARN_NON_LITERAL_NULL_CONVERSION = YES;
				CLANG_WARN_OBJC_IMPLICIT_RETAIN_SELF = YES;
				CLANG_WARN_OBJC_LITERAL_CONVERSION = YES;
				CLANG_WARN_OBJC_ROOT_CLASS = YES_ERROR;
				CLANG_WARN_QUOTED_INCLUDE_IN_FRAMEWORK_HEADER = YES;
				CLANG_WARN_RANGE_LOOP_ANALYSIS = YES;
				CLANG_WARN_STRICT_PROTOTYPES = YES;
				CLANG_WARN_SUSPICIOUS_MOVE = YES;
				CLANG_WARN_UNGUARDED_AVAILABILITY = YES_AGGRESSIVE;
				CLANG_WARN_UNREACHABLE_CODE = YES;
				CLANG_WARN__DUPLICATE_METHOD_MATCH = YES;
				COPY_PHASE_STRIP = NO;
				DEBUG_INFORMATION_FORMAT = "dwarf-with-dsym";
				DEVELOPMENT_TEAM = 5DCYATWYDV;
				ENABLE_NS_ASSERTIONS = NO;
				ENABLE_STRICT_OBJC_MSGSEND = YES;
				ENABLE_USER_SCRIPT_SANDBOXING = YES;
				GCC_C_LANGUAGE_STANDARD = gnu17;
				GCC_NO_COMMON_BLOCKS = YES;
				GCC_WARN_64_TO_32_BIT_CONVERSION = YES;
				GCC_WARN_ABOUT_RETURN_TYPE = YES_ERROR;
				GCC_WARN_UNDECLARED_SELECTOR = YES;
				GCC_WARN_UNINITIALIZED_AUTOS = YES_AGGRESSIVE;
				GCC_WARN_UNUSED_FUNCTION = YES;
				GCC_WARN_UNUSED_VARIABLE = YES;
				IPHONEOS_DEPLOYMENT_TARGET = 26.1;
				LOCALIZATION_PREFERS_STRING_CATALOGS = YES;
				MTL_ENABLE_DEBUG_INFO = NO;
				MTL_FAST_MATH = YES;
				SDKROOT = iphoneos;
				SWIFT_COMPILATION_MODE = wholemodule;
				VALIDATE_PRODUCT = YES;
			};
			name = Release;
		};
		7E9C922B2F1432D5004AAD91 /* Debug */ = {
			isa = XCBuildConfiguration;
			buildSettings = {
				ASSETCATALOG_COMPILER_APPICON_NAME = AppIcon;
				ASSETCATALOG_COMPILER_GLOBAL_ACCENT_COLOR_NAME = AccentColor;
				CODE_SIGN_ENTITLEMENTS = PocketLlama/PocketLlama.entitlements;
				CODE_SIGN_STYLE = Automatic;
				CURRENT_PROJECT_VERSION = 1;
				DEVELOPMENT_TEAM = 5DCYATWYDV;
				ENABLE_PREVIEWS = YES;
				GENERATE_INFOPLIST_FILE = YES;
				INFOPLIST_FILE = PocketLlama/Info.plist;
				INFOPLIST_KEY_CFBundleDisplayName = PocketLlama;
				INFOPLIST_KEY_LSApplicationCategoryType = "public.app-category.utilities";
				INFOPLIST_KEY_UIApplicationSceneManifest_Generation = YES;
				INFOPLIST_KEY_UIApplicationSupportsIndirectInputEvents = YES;
				INFOPLIST_KEY_UILaunchScreen_Generation = YES;
				INFOPLIST_KEY_UISupportedInterfaceOrientations = UIInterfaceOrientationPortrait;
				INFOPLIST_KEY_UISupportedInterfaceOrientations_iPad = "UIInterfaceOrientationLandscapeLeft UIInterfaceOrientationLandscapeRight UIInterfaceOrientationPortrait UIInterfaceOrientationPortraitUpsideDown";
				LD_RUNPATH_SEARCH_PATHS = (
					"$(inherited)",
					"@executable_path/Frameworks",
				);
				MARKETING_VERSION = 1.1;
				PRODUCT_BUNDLE_IDENTIFIER = com.Yusuf.PocketLlama;
				PRODUCT_NAME = "$(TARGET_NAME)";
				STRING_CATALOG_GENERATE_SYMBOLS = YES;
				SWIFT_APPROACHABLE_CONCURRENCY = YES;
				SWIFT_DEFAULT_ACTOR_ISOLATION = MainActor;
				SWIFT_EMIT_LOC_STRINGS = YES;
				SWIFT_UPCOMING_FEATURE_MEMBER_IMPORT_VISIBILITY = YES;
				SWIFT_VERSION = 5.0;
				TARGETED_DEVICE_FAMILY = "1,2";
			};
			name = Debug;
		};
		7E9C922C2F1432D5004AAD91 /* Release */ = {
			isa = XCBuildConfiguration;
			buildSettings = {
				ASSETCATALOG_COMPILER_APPICON_NAME = AppIcon;
				ASSETCATALOG_COMPILER_GLOBAL_ACCENT_COLOR_NAME = AccentColor;
				CODE_SIGN_ENTITLEMENTS = PocketLlama/PocketLlama.entitlements;
				CODE_SIGN_STYLE = Automatic;
				CURRENT_PROJECT_VERSION = 1;
				DEVELOPMENT_TEAM = 5DCYATWYDV;
				ENABLE_PREVIEWS = YES;
				GENERATE_INFOPLIST_FILE = YES;
				INFOPLIST_FILE = PocketLlama/Info.plist;
				INFOPLIST_KEY_CFBundleDisplayName = PocketLlama;
				INFOPLIST_KEY_LSApplicationCategoryType = "public.app-category.utilities";
				INFOPLIST_KEY_UIApplicationSceneManifest_Generation = YES;
				INFOPLIST_KEY_UIApplicationSupportsIndirectInputEvents = YES;
				INFOPLIST_KEY_UILaunchScreen_Generation = YES;
				INFOPLIST_KEY_UISupportedInterfaceOrientations = UIInterfaceOrientationPortrait;
				INFOPLIST_KEY_UISupportedInterfaceOrientations_iPad = "UIInterfaceOrientationLandscapeLeft UIInterfaceOrientationLandscapeRight UIInterfaceOrientationPortrait UIInterfaceOrientationPortraitUpsideDown";
				LD_RUNPATH_SEARCH_PATHS = (
					"$(inherited)",
					"@executable_path/Frameworks",
				);
				MARKETING_VERSION = 1.1;
				PRODUCT_BUNDLE_IDENTIFIER = com.Yusuf.PocketLlama;
				PRODUCT_NAME = "$(TARGET_NAME)";
				STRING_CATALOG_GENERATE_SYMBOLS = YES;
				SWIFT_APPROACHABLE_CONCURRENCY = YES;
				SWIFT_DEFAULT_ACTOR_ISOLATION = MainActor;
				SWIFT_EMIT_LOC_STRINGS = YES;
				SWIFT_UPCOMING_FEATURE_MEMBER_IMPORT_VISIBILITY = YES;
				SWIFT_VERSION = 5.0;
				TARGETED_DEVICE_FAMILY = "1,2";
			};
			name = Release;
		};
		7E9C922E2F1432D5004AAD91 /* Debug */ = {
			isa = XCBuildConfiguration;
			buildSettings = {
				BUNDLE_LOADER = "$(TEST_HOST)";
				CODE_SIGN_STYLE = Automatic;
				CURRENT_PROJECT_VERSION = 1;
				DEVELOPMENT_TEAM = 5DCYATWYDV;
				GENERATE_INFOPLIST_FILE = YES;
				IPHONEOS_DEPLOYMENT_TARGET = 26.1;
				MARKETING_VERSION = 1.0;
				PRODUCT_BUNDLE_IDENTIFIER = com.Yusuf.PocketLlamaTests;
				PRODUCT_NAME = "$(TARGET_NAME)";
				STRING_CATALOG_GENERATE_SYMBOLS = NO;
				SWIFT_APPROACHABLE_CONCURRENCY = YES;
				SWIFT_EMIT_LOC_STRINGS = NO;
				SWIFT_UPCOMING_FEATURE_MEMBER_IMPORT_VISIBILITY = YES;
				SWIFT_VERSION = 5.0;
				TARGETED_DEVICE_FAMILY = "1,2";
				TEST_HOST = "$(BUILT_PRODUCTS_DIR)/PocketLlama.app/$(BUNDLE_EXECUTABLE_FOLDER_PATH)/PocketLlama";
			};
			name = Debug;
		};
		7E9C922F2F1432D5004AAD91 /* Release */ = {
			isa = XCBuildConfiguration;
			buildSettings = {
				BUNDLE_LOADER = "$(TEST_HOST)";
				CODE_SIGN_STYLE = Automatic;
				CURRENT_PROJECT_VERSION = 1;
				DEVELOPMENT_TEAM = 5DCYATWYDV;
				GENERATE_INFOPLIST_FILE = YES;
				IPHONEOS_DEPLOYMENT_TARGET = 26.1;
				MARKETING_VERSION = 1.0;
				PRODUCT_BUNDLE_IDENTIFIER = com.Yusuf.PocketLlamaTests;
				PRODUCT_NAME = "$(TARGET_NAME)";
				STRING_CATALOG_GENERATE_SYMBOLS = NO;
				SWIFT_APPROACHABLE_CONCURRENCY = YES;
				SWIFT_EMIT_LOC_STRINGS = NO;
				SWIFT_UPCOMING_FEATURE_MEMBER_IMPORT_VISIBILITY = YES;
				SWIFT_VERSION = 5.0;
				TARGETED_DEVICE_FAMILY = "1,2";
				TEST_HOST = "$(BUILT_PRODUCTS_DIR)/PocketLlama.app/$(BUNDLE_EXECUTABLE_FOLDER_PATH)/PocketLlama";
			};
			name = Release;
		};
		7E9C92312F1432D5004AAD91 /* Debug */ = {
			isa = XCBuildConfiguration;
			buildSettings = {
				CODE_SIGN_STYLE = Automatic;
				CURRENT_PROJECT_VERSION = 1;
				DEVELOPMENT_TEAM = 5DCYATWYDV;
				GENERATE_INFOPLIST_FILE = YES;
				MARKETING_VERSION = 1.0;
				PRODUCT_BUNDLE_IDENTIFIER = com.Yusuf.PocketLlamaUITests;
				PRODUCT_NAME = "$(TARGET_NAME)";
				STRING_CATALOG_GENERATE_SYMBOLS = NO;
				SWIFT_APPROACHABLE_CONCURRENCY = YES;
				SWIFT_EMIT_LOC_STRINGS = NO;
				SWIFT_UPCOMING_FEATURE_MEMBER_IMPORT_VISIBILITY = YES;
				SWIFT_VERSION = 5.0;
				TARGETED_DEVICE_FAMILY = "1,2";
				TEST_TARGET_NAME = PocketOllama;
			};
			name = Debug;
		};
		7E9C92322F1432D5004AAD91 /* Release */ = {
			isa = XCBuildConfiguration;
			buildSettings = {
				CODE_SIGN_STYLE = Automatic;
				CURRENT_PROJECT_VERSION = 1;
				DEVELOPMENT_TEAM = 5DCYATWYDV;
				GENERATE_INFOPLIST_FILE = YES;
				MARKETING_VERSION = 1.0;
				PRODUCT_BUNDLE_IDENTIFIER = com.Yusuf.PocketLlamaUITests;
				PRODUCT_NAME = "$(TARGET_NAME)";
				STRING_CATALOG_GENERATE_SYMBOLS = NO;
				SWIFT_APPROACHABLE_CONCURRENCY = YES;
				SWIFT_EMIT_LOC_STRINGS = NO;
				SWIFT_UPCOMING_FEATURE_MEMBER_IMPORT_VISIBILITY = YES;
				SWIFT_VERSION = 5.0;
				TARGETED_DEVICE_FAMILY = "1,2";
				TEST_TARGET_NAME = PocketOllama;
			};
			name = Release;
		};
/* End XCBuildConfiguration section */

/* Begin XCConfigurationList section */
		7E9C92042F1432D4004AAD91 /* Build configuration list for PBXProject "PocketLlama" */ = {
			isa = XCConfigurationList;
			buildConfigurations = (
				7E9C92282F1432D5004AAD91 /* Debug */,
				7E9C92292F1432D5004AAD91 /* Release */,
			);
			defaultConfigurationIsVisible = 0;
			defaultConfigurationName = Release;
		};
		7E9C922A2F1432D5004AAD91 /* Build configuration list for PBXNativeTarget "PocketLlama" */ = {
			isa = XCConfigurationList;
			buildConfigurations = (
				7E9C922B2F1432D5004AAD91 /* Debug */,
				7E9C922C2F1432D5004AAD91 /* Release */,
			);
			defaultConfigurationIsVisible = 0;
			defaultConfigurationName = Release;
		};
		7E9C922D2F1432D5004AAD91 /* Build configuration list for PBXNativeTarget "PocketLlamaTests" */ = {
			isa = XCConfigurationList;
			buildConfigurations = (
				7E9C922E2F1432D5004AAD91 /* Debug */,
				7E9C922F2F1432D5004AAD91 /* Release */,
			);
			defaultConfigurationIsVisible = 0;
			defaultConfigurationName = Release;
		};
		7E9C92302F1432D5004AAD91 /* Build configuration list for PBXNativeTarget "PocketLlamaUITests" */ = {
			isa = XCConfigurationList;
			buildConfigurations = (
				7E9C92312F1432D5004AAD91 /* Debug */,
				7E9C92322F1432D5004AAD91 /* Release */,
			);
			defaultConfigurationIsVisible = 0;
			defaultConfigurationName = Release;
		};
/* End XCConfigurationList section */

/* Begin XCRemoteSwiftPackageReference section */
		7E9C92332F14340F004AAD91 /* XCRemoteSwiftPackageReference "LLM" */ = {
			isa = XCRemoteSwiftPackageReference;
			repositoryURL = "https://github.com/eastriverlee/LLM.swift";
			requirement = {
				kind = upToNextMajorVersion;
				minimumVersion = 1.4.3;
			};
		};
/* End XCRemoteSwiftPackageReference section */

/* Begin XCSwiftPackageProductDependency section */
		7E9C92342F14340F004AAD91 /* LLM */ = {
			isa = XCSwiftPackageProductDependency;
			package = 7E9C92332F14340F004AAD91 /* XCRemoteSwiftPackageReference "LLM" */;
			productName = LLM;
		};
/* End XCSwiftPackageProductDependency section */
	};
	rootObject = 7E9C92012F1432D4004AAD91 /* Project object */;
}
